
Microsoft Visual Studio Solution File, Format Version 12.00
# Visual Studio Version 16
VisualStudioVersion = 16.0.29613.14
MinimumVisualStudioVersion = 10.0.40219.1
Project("{FAE04EC0-301F-11D3-BF4B-00C04F79EFBC}") = "TelRetailWebApi", "TelRetailWebApi\TelRetailWebApi.csproj", "{79A9993A-90E7-41A9-99A6-0F63AD8BB2D1}"
EndProject
Global
	GlobalSection(SolutionConfigurationPlatforms) = preSolution
		Debug|Any CPU = Debug|Any CPU
		Release|Any CPU = Release|Any CPU
	EndGlobalSection
	GlobalSection(ProjectConfigurationPlatforms) = postSolution
		{79A9993A-90E7-41A9-99A6-0F63AD8BB2D1}.Debug|Any CPU.ActiveCfg = Debug|Any CPU
		{79A9993A-90E7-41A9-99A6-0F63AD8BB2D1}.Debug|Any CPU.Build.0 = Debug|Any CPU
		{79A9993A-90E7-41A9-99A6-0F63AD8BB2D1}.Release|Any CPU.ActiveCfg = Release|Any CPU
		{79A9993A-90E7-41A9-99A6-0F63AD8BB2D1}.Release|Any CPU.Build.0 = Release|Any CPU
	EndGlobalSection
	GlobalSection(SolutionProperties) = preSolution
		HideSolutionNode = FALSE
	EndGlobalSection
	GlobalSection(ExtensibilityGlobals) = postSolution
		SolutionGuid = {3928663D-6A15-4949-8B45-AABCB69DA34D}
	EndGlobalSection
EndGlobal
